
Microsoft Visual Studio Solution File, Format Version 11.00
# Visual Studio 2010
Project("{FAE04EC0-301F-11D3-BF4B-00C04F79EFBC}") = "HedgingMartingale", "HedgingMartingale\HedgingMartingale.csproj", "{EE6366E9-236D-4DD4-8C06-715C6581BDC3}"
EndProject
Global
	GlobalSection(SolutionConfigurationPlatforms) = preSolution
		Debug|Any CPU = Debug|Any CPU
		Release|Any CPU = Release|Any CPU
	EndGlobalSection
	GlobalSection(ProjectConfigurationPlatforms) = postSolution
		{EE6366E9-236D-4DD4-8C06-715C6581BDC3}.Debug|Any CPU.ActiveCfg = Debug|Any CPU
		{EE6366E9-236D-4DD4-8C06-715C6581BDC3}.Debug|Any CPU.Build.0 = Debug|Any CPU
		{EE6366E9-236D-4DD4-8C06-715C6581BDC3}.Release|Any CPU.ActiveCfg = Release|Any CPU
		{EE6366E9-236D-4DD4-8C06-715C6581BDC3}.Release|Any CPU.Build.0 = Release|Any CPU
	EndGlobalSection
	GlobalSection(SolutionProperties) = preSolution
		HideSolutionNode = FALSE
	EndGlobalSection
EndGlobal
