
Microsoft Visual Studio Solution File, Format Version 11.00
# Visual Studio 2010
Project("{FAE04EC0-301F-11D3-BF4B-00C04F79EFBC}") = "Sample Advanced Take Profit", "Sample Advanced Take Profit\Sample Advanced Take Profit.csproj", "{EEDB1B00-B586-41DC-B004-EB7AC1762CED}"
EndProject
Global
	GlobalSection(SolutionConfigurationPlatforms) = preSolution
		Debug|Any CPU = Debug|Any CPU
		Release|Any CPU = Release|Any CPU
	EndGlobalSection
	GlobalSection(ProjectConfigurationPlatforms) = postSolution
		{EEDB1B00-B586-41DC-B004-EB7AC1762CED}.Debug|Any CPU.ActiveCfg = Debug|Any CPU
		{EEDB1B00-B586-41DC-B004-EB7AC1762CED}.Debug|Any CPU.Build.0 = Debug|Any CPU
		{EEDB1B00-B586-41DC-B004-EB7AC1762CED}.Release|Any CPU.ActiveCfg = Release|Any CPU
		{EEDB1B00-B586-41DC-B004-EB7AC1762CED}.Release|Any CPU.Build.0 = Release|Any CPU
	EndGlobalSection
	GlobalSection(SolutionProperties) = preSolution
		HideSolutionNode = FALSE
	EndGlobalSection
EndGlobal
