
Microsoft Visual Studio Solution File, Format Version 11.00
# Visual Studio 2010
Project("{FAE04EC0-301F-11D3-BF4B-00C04F79EFBC}") = "MLOE", "MLOE\MLOE.csproj", "{788FFCD6-FBF4-40FA-9022-57259B3D510D}"
EndProject
Global
	GlobalSection(SolutionConfigurationPlatforms) = preSolution
		Debug|Any CPU = Debug|Any CPU
		Release|Any CPU = Release|Any CPU
	EndGlobalSection
	GlobalSection(ProjectConfigurationPlatforms) = postSolution
		{788FFCD6-FBF4-40FA-9022-57259B3D510D}.Debug|Any CPU.ActiveCfg = Debug|Any CPU
		{788FFCD6-FBF4-40FA-9022-57259B3D510D}.Debug|Any CPU.Build.0 = Debug|Any CPU
		{788FFCD6-FBF4-40FA-9022-57259B3D510D}.Release|Any CPU.ActiveCfg = Release|Any CPU
		{788FFCD6-FBF4-40FA-9022-57259B3D510D}.Release|Any CPU.Build.0 = Release|Any CPU
	EndGlobalSection
	GlobalSection(SolutionProperties) = preSolution
		HideSolutionNode = FALSE
	EndGlobalSection
EndGlobal
